
Microsoft Visual Studio Solution File, Format Version 12.00
Project("{FAE04EC0-301F-11D3-BF4B-00C04F79EFBC}") = "TeamFinder", "TeamFinder.csproj", "{4F98C1C6-852B-4F9A-B4B1-2A807181EE91}"
EndProject
Global
	GlobalSection(SolutionConfigurationPlatforms) = preSolution
		Debug|Any CPU = Debug|Any CPU
		Release|Any CPU = Release|Any CPU
	EndGlobalSection
	GlobalSection(ProjectConfigurationPlatforms) = postSolution
		{4F98C1C6-852B-4F9A-B4B1-2A807181EE91}.Debug|Any CPU.ActiveCfg = Debug|Any CPU
		{4F98C1C6-852B-4F9A-B4B1-2A807181EE91}.Debug|Any CPU.Build.0 = Debug|Any CPU
		{4F98C1C6-852B-4F9A-B4B1-2A807181EE91}.Release|Any CPU.ActiveCfg = Release|Any CPU
		{4F98C1C6-852B-4F9A-B4B1-2A807181EE91}.Release|Any CPU.Build.0 = Release|Any CPU
	EndGlobalSection
EndGlobal
